
Microsoft Visual Studio Solution File, Format Version 12.00
# Visual Studio Version 17
VisualStudioVersion = 17.4.33122.133
MinimumVisualStudioVersion = 10.0.40219.1
Project("{FAE04EC0-301F-11D3-BF4B-00C04F79EFBC}") = "Person_Data_Management", "Person_Data_Management\Person_Data_Management.csproj", "{EAA51A95-4EF8-4FCB-80E1-0F8BBC3F120C}"
EndProject
Global
	GlobalSection(SolutionConfigurationPlatforms) = preSolution
		Debug|Any CPU = Debug|Any CPU
		Release|Any CPU = Release|Any CPU
	EndGlobalSection
	GlobalSection(ProjectConfigurationPlatforms) = postSolution
		{EAA51A95-4EF8-4FCB-80E1-0F8BBC3F120C}.Debug|Any CPU.ActiveCfg = Debug|Any CPU
		{EAA51A95-4EF8-4FCB-80E1-0F8BBC3F120C}.Debug|Any CPU.Build.0 = Debug|Any CPU
		{EAA51A95-4EF8-4FCB-80E1-0F8BBC3F120C}.Release|Any CPU.ActiveCfg = Release|Any CPU
		{EAA51A95-4EF8-4FCB-80E1-0F8BBC3F120C}.Release|Any CPU.Build.0 = Release|Any CPU
	EndGlobalSection
	GlobalSection(SolutionProperties) = preSolution
		HideSolutionNode = FALSE
	EndGlobalSection
	GlobalSection(ExtensibilityGlobals) = postSolution
		SolutionGuid = {2BBDA259-3EB5-43A3-947F-D505F1907103}
	EndGlobalSection
EndGlobal
